{
  "nodes": {
    "hackpkgs": {
      "inputs": {
        "flake-utils": [
          "rednix",
          "utils"
        ],
        "nixpkgs": [
          "rednix",
          "nixpkgs"
        ]
      },
      "locked": {
        "lastModified": 1658745217,
        "narHash": "sha256-VyP2WOYmMZG5zmysQWDAXri8H1KwIQ0c+YU9eRiKjc0=",
        "owner": "applePrincess",
        "repo": "hackpkgs",
        "rev": "dd31e977fb99a6f7226954d2cb1d6f48869d8a55",
        "type": "github"
      },
      "original": {
        "owner": "applePrincess",
        "repo": "hackpkgs",
        "type": "github"
      }
    },
    "nixpkgs": {
      "locked": {
        "lastModified": 1665940183,
        "narHash": "sha256-cPe3F7CtnxU9YbJpc3Adl4d9kX+turqTv5FxM98i8vg=",
        "owner": "NixOS",
        "repo": "nixpkgs",
        "rev": "104e8082de1b20f9d0e1f05b1028795ed0e0e4bc",
        "type": "github"
      },
      "original": {
        "owner": "NixOS",
        "ref": "nixos-unstable",
        "repo": "nixpkgs",
        "type": "github"
      }
    },
    "nixpkgs-21_11": {
      "locked": {
        "lastModified": 1665940183,
        "narHash": "sha256-cPe3F7CtnxU9YbJpc3Adl4d9kX+turqTv5FxM98i8vg=",
        "owner": "NixOS",
        "repo": "nixpkgs",
        "rev": "104e8082de1b20f9d0e1f05b1028795ed0e0e4bc",
        "type": "github"
      },
      "original": {
        "owner": "NixOS",
        "ref": "nixos-unstable",
        "repo": "nixpkgs",
        "type": "github"
      }
    },
    "rednix": {
      "inputs": {
        "hackpkgs": "hackpkgs",
        "nixpkgs": [
          "nixpkgs"
        ],
        "utils": "utils"
      },
      "locked": {
        "lastModified": 1666135203,
        "narHash": "sha256-FWg2apvScZpRzu4TLVwOD84CjZjdXAJo6NpsCFgnfeQ=",
        "owner": "redcode-labs",
        "repo": "RedNix",
        "rev": "504af2777bb47e965834b13925eaefc712733c76",
        "type": "github"
      },
      "original": {
        "owner": "redcode-labs",
        "repo": "RedNix",
        "type": "github"
      }
    },
    "root": {
      "inputs": {
        "nixpkgs": "nixpkgs",
        "nixpkgs-21_11": "nixpkgs-21_11",
        "rednix": "rednix"
      }
    },
    "utils": {
      "locked": {
        "lastModified": 1659877975,
        "narHash": "sha256-zllb8aq3YO3h8B/U0/J1WBgAL8EX5yWf5pMj3G0NAmc=",
        "owner": "numtide",
        "repo": "flake-utils",
        "rev": "c0e246b9b83f637f4681389ecabcb2681b4f3af0",
        "type": "github"
      },
      "original": {
        "owner": "numtide",
        "repo": "flake-utils",
        "type": "github"
      }
    }
  },
  "root": "root",
  "version": 7
}
